
Microsoft Visual Studio Solution File, Format Version 12.00
# Visual Studio Version 17
VisualStudioVersion = 17.13.35825.156 d17.13
MinimumVisualStudioVersion = 10.0.40219.1
Project("{FAE04EC0-301F-11D3-BF4B-00C04F79EFBC}") = "Tictactoe.Service", "Tictactoe.Service\Tictactoe.Service.csproj", "{0FE71078-6B74-4CC2-A808-4E348CE1C23A}"
EndProject
Global
	GlobalSection(SolutionConfigurationPlatforms) = preSolution
		Debug|Any CPU = Debug|Any CPU
		Release|Any CPU = Release|Any CPU
	EndGlobalSection
	GlobalSection(ProjectConfigurationPlatforms) = postSolution
		{0FE71078-6B74-4CC2-A808-4E348CE1C23A}.Debug|Any CPU.ActiveCfg = Debug|Any CPU
		{0FE71078-6B74-4CC2-A808-4E348CE1C23A}.Debug|Any CPU.Build.0 = Debug|Any CPU
		{0FE71078-6B74-4CC2-A808-4E348CE1C23A}.Release|Any CPU.ActiveCfg = Release|Any CPU
		{0FE71078-6B74-4CC2-A808-4E348CE1C23A}.Release|Any CPU.Build.0 = Release|Any CPU
	EndGlobalSection
	GlobalSection(SolutionProperties) = preSolution
		HideSolutionNode = FALSE
	EndGlobalSection
	GlobalSection(ExtensibilityGlobals) = postSolution
		SolutionGuid = {CC0E0B38-C483-47D8-AC1C-BFE1ADA4A7E9}
	EndGlobalSection
EndGlobal
